
Microsoft Visual Studio Solution File, Format Version 12.00
# Visual Studio Version 17
VisualStudioVersion = 17.7.34202.233
MinimumVisualStudioVersion = 10.0.40219.1
Project("{FAE04EC0-301F-11D3-BF4B-00C04F79EFBC}") = "BackEnd", "BackEnd.csproj", "{209102B8-B6BC-47ED-9039-D7FFCE3A1B80}"
EndProject
Global
	GlobalSection(SolutionConfigurationPlatforms) = preSolution
		Debug|Any CPU = Debug|Any CPU
		Release|Any CPU = Release|Any CPU
	EndGlobalSection
	GlobalSection(ProjectConfigurationPlatforms) = postSolution
		{209102B8-B6BC-47ED-9039-D7FFCE3A1B80}.Debug|Any CPU.ActiveCfg = Debug|Any CPU
		{209102B8-B6BC-47ED-9039-D7FFCE3A1B80}.Debug|Any CPU.Build.0 = Debug|Any CPU
		{209102B8-B6BC-47ED-9039-D7FFCE3A1B80}.Release|Any CPU.ActiveCfg = Release|Any CPU
		{209102B8-B6BC-47ED-9039-D7FFCE3A1B80}.Release|Any CPU.Build.0 = Release|Any CPU
	EndGlobalSection
	GlobalSection(SolutionProperties) = preSolution
		HideSolutionNode = FALSE
	EndGlobalSection
	GlobalSection(ExtensibilityGlobals) = postSolution
		SolutionGuid = {6B9B24AF-5BF3-4A9B-BA83-7EA15171184D}
	EndGlobalSection
EndGlobal
